{
  "originHash" : "d3db80672ed6327c52cfd8d12a3652041efd5bd2239ee6cd6a87d7613f939372",
  "pins" : [
    {
      "identity" : "asn1decoder",
      "kind" : "remoteSourceControl",
      "location" : "https://github.com/filom/ASN1Decoder",
      "state" : {
        "revision" : "7e1523662c69d019a3299bbfb22fb824141dd1f6",
        "version" : "1.10.0"
      }
    },
    {
      "identity" : "contentblockrulelist",
      "kind" : "remoteSourceControl",
      "location" : "https://github.com/opacity-browser/ContentBlockRuleList.git",
      "state" : {
        "revision" : "bace4f5b516ba3157dad97700f37fc72e58c8e26",
        "version" : "1.0.8"
      }
    },
    {
      "identity" : "sparkle",
      "kind" : "remoteSourceControl",
      "location" : "https://github.com/sparkle-project/Sparkle",
      "state" : {
        "revision" : "df074165274afaa39539c05d57b0832620775b11",
        "version" : "2.7.1"
      }
    },
    {
      "identity" : "trackerradarkit",
      "kind" : "remoteSourceControl",
      "location" : "https://github.com/duckduckgo/TrackerRadarKit.git",
      "state" : {
        "revision" : "a3f0ade39904602aa45874a7d71db4fafa10f7d9",
        "version" : "3.0.1"
      }
    }
  ],
  "version" : 3
}
